
Microsoft Visual Studio Solution File, Format Version 12.00
# Visual Studio Version 17
VisualStudioVersion = 17.3.32819.101
MinimumVisualStudioVersion = 10.0.40219.1
Project("{FAE04EC0-301F-11D3-BF4B-00C04F79EFBC}") = "TOAMediaPlayer", "TOAMediaPlayer.csproj", "{092FAF29-1BFA-4527-93AA-9E02195E2B10}"
EndProject
Global
	GlobalSection(SolutionConfigurationPlatforms) = preSolution
		Debug|Any CPU = Debug|Any CPU
		Release|Any CPU = Release|Any CPU
	EndGlobalSection
	GlobalSection(ProjectConfigurationPlatforms) = postSolution
		{092FAF29-1BFA-4527-93AA-9E02195E2B10}.Debug|Any CPU.ActiveCfg = Debug|Any CPU
		{092FAF29-1BFA-4527-93AA-9E02195E2B10}.Debug|Any CPU.Build.0 = Debug|Any CPU
		{092FAF29-1BFA-4527-93AA-9E02195E2B10}.Release|Any CPU.ActiveCfg = Release|Any CPU
		{092FAF29-1BFA-4527-93AA-9E02195E2B10}.Release|Any CPU.Build.0 = Release|Any CPU
	EndGlobalSection
	GlobalSection(SolutionProperties) = preSolution
		HideSolutionNode = FALSE
	EndGlobalSection
	GlobalSection(ExtensibilityGlobals) = postSolution
		SolutionGuid = {C8190A3F-3B81-471A-8A2A-CEFDD71C8E68}
	EndGlobalSection
EndGlobal
