module.exports={C:{"104":0.01172,"115":0.10153,"119":0.43346,"120":0.12496,_:"2 3 4 5 6 7 8 9 10 11 12 13 14 15 16 17 18 19 20 21 22 23 24 25 26 27 28 29 30 31 32 33 34 35 36 37 38 39 40 41 42 43 44 45 46 47 48 49 50 51 52 53 54 55 56 57 58 59 60 61 62 63 64 65 66 67 68 69 70 71 72 73 74 75 76 77 78 79 80 81 82 83 84 85 86 87 88 89 90 91 92 93 94 95 96 97 98 99 100 101 102 103 105 106 107 108 109 110 111 112 113 114 116 117 118 121 122 123 3.5 3.6"},D:{"54":0.00391,"72":0.00391,"75":0.00391,"76":0.03905,"77":0.01172,"88":0.05858,"93":0.08982,"103":0.10934,"108":0.00391,"109":0.42174,"110":0.01172,"113":0.03905,"116":0.19525,"117":0.53889,"118":4.48685,"119":11.75015,"120":0.02343,_:"4 5 6 7 8 9 10 11 12 13 14 15 16 17 18 19 20 21 22 23 24 25 26 27 28 29 30 31 32 33 34 35 36 37 38 39 40 41 42 43 44 45 46 47 48 49 50 51 52 53 55 56 57 58 59 60 61 62 63 64 65 66 67 68 69 70 71 73 74 78 79 80 81 83 84 85 86 87 89 90 91 92 94 95 96 97 98 99 100 101 102 104 105 106 107 111 112 114 115 121 122"},F:{"102":0.05077,"103":0.0742,"104":0.13277,_:"9 11 12 15 16 17 18 19 20 21 22 23 24 25 26 27 28 29 30 31 32 33 34 35 36 37 38 39